// !$*UTF8*$!
{
	archiveVersion = 1;
	classes = {
	};
	objectVersion = 46;
	objects = {

/* Begin PBXBuildFile section */
		024A746A196114EA000964CD /* UIKit.framework in Frameworks */ = {isa = PBXBuildFile; fileRef = 024A7469196114EA000964CD /* UIKit.framework */; };
		024A746C196114EA000964CD /* Foundation.framework in Frameworks */ = {isa = PBXBuildFile; fileRef = 024A746B196114EA000964CD /* Foundation.framework */; };
		024A746E196114EA000964CD /* CoreGraphics.framework in Frameworks */ = {isa = PBXBuildFile; fileRef = 024A746D196114EA000964CD /* CoreGraphics.framework */; };
		024A7474196114EA000964CD /* InfoPlist.strings in Resources */ = {isa = PBXBuildFile; fileRef = 024A7472196114EA000964CD /* InfoPlist.strings */; };
		024A7476196114EA000964CD /* main.m in Sources */ = {isa = PBXBuildFile; fileRef = 024A7475196114EA000964CD /* main.m */; };
		024A747A196114EA000964CD /* AppDelegate.m in Sources */ = {isa = PBXBuildFile; fileRef = 024A7479196114EA000964CD /* AppDelegate.m */; };
		024A747C196114EA000964CD /* Default.png in Resources */ = {isa = PBXBuildFile; fileRef = 024A747B196114EA000964CD /* Default.png */; };
		024A747E196114EA000964CD /* Default@2x.png in Resources */ = {isa = PBXBuildFile; fileRef = 024A747D196114EA000964CD /* Default@2x.png */; };
		024A7480196114EA000964CD /* Default-568h@2x.png in Resources */ = {isa = PBXBuildFile; fileRef = 024A747F196114EA000964CD /* Default-568h@2x.png */; };
		024A7483196114EA000964CD /* ViewController.m in Sources */ = {isa = PBXBuildFile; fileRef = 024A7482196114EA000964CD /* ViewController.m */; };
		024A7486196114EA000964CD /* ViewController.xib in Resources */ = {isa = PBXBuildFile; fileRef = 024A7484196114EA000964CD /* ViewController.xib */; };
		024A749119611718000964CD /* 1.JPG in Resources */ = {isa = PBXBuildFile; fileRef = 024A749019611718000964CD /* 1.JPG */; };
/* End PBXBuildFile section */

/* Begin PBXFileReference section */
		024A7466196114EA000964CD /* iOSTraning3-1.app */ = {isa = PBXFileReference; explicitFileType = wrapper.application; includeInIndex = 0; path = "iOSTraning3-1.app"; sourceTree = BUILT_PRODUCTS_DIR; };
		024A7469196114EA000964CD /* UIKit.framework */ = {isa = PBXFileReference; lastKnownFileType = wrapper.framework; name = UIKit.framework; path = System/Library/Frameworks/UIKit.framework; sourceTree = SDKROOT; };
		024A746B196114EA000964CD /* Foundation.framework */ = {isa = PBXFileReference; lastKnownFileType = wrapper.framework; name = Foundation.framework; path = System/Library/Frameworks/Foundation.framework; sourceTree = SDKROOT; };
		024A746D196114EA000964CD /* CoreGraphics.framework */ = {isa = PBXFileReference; lastKnownFileType = wrapper.framework; name = CoreGraphics.framework; path = System/Library/Frameworks/CoreGraphics.framework; sourceTree = SDKROOT; };
		024A7471196114EA000964CD /* iOSTraning3-1-Info.plist */ = {isa = PBXFileReference; lastKnownFileType = text.plist.xml; path = "iOSTraning3-1-Info.plist"; sourceTree = "<group>"; };
		024A7473196114EA000964CD /* en */ = {isa = PBXFileReference; lastKnownFileType = text.plist.strings; name = en; path = en.lproj/InfoPlist.strings; sourceTree = "<group>"; };
		024A7475196114EA000964CD /* main.m */ = {isa = PBXFileReference; lastKnownFileType = sourcecode.c.objc; path = main.m; sourceTree = "<group>"; };
		024A7477196114EA000964CD /* iOSTraning3-1-Prefix.pch */ = {isa = PBXFileReference; lastKnownFileType = sourcecode.c.h; path = "iOSTraning3-1-Prefix.pch"; sourceTree = "<group>"; };
		024A7478196114EA000964CD /* AppDelegate.h */ = {isa = PBXFileReference; lastKnownFileType = sourcecode.c.h; path = AppDelegate.h; sourceTree = "<group>"; };
		024A7479196114EA000964CD /* AppDelegate.m */ = {isa = PBXFileReference; lastKnownFileType = sourcecode.c.objc; path = AppDelegate.m; sourceTree = "<group>"; };
		024A747B196114EA000964CD /* Default.png */ = {isa = PBXFileReference; lastKnownFileType = image.png; path = Default.png; sourceTree = "<group>"; };
		024A747D196114EA000964CD /* Default@2x.png */ = {isa = PBXFileReference; lastKnownFileType = image.png; path = "Default@2x.png"; sourceTree = "<group>"; };
		024A747F196114EA000964CD /* Default-568h@2x.png */ = {isa = PBXFileReference; lastKnownFileType = image.png; path = "Default-568h@2x.png"; sourceTree = "<group>"; };
		024A7481196114EA000964CD /* ViewController.h */ = {isa = PBXFileReference; lastKnownFileType = sourcecode.c.h; path = ViewController.h; sourceTree = "<group>"; };
		024A7482196114EA000964CD /* ViewController.m */ = {isa = PBXFileReference; lastKnownFileType = sourcecode.c.objc; path = ViewController.m; sourceTree = "<group>"; };
		024A7485196114EA000964CD /* en */ = {isa = PBXFileReference; lastKnownFileType = file.xib; name = en; path = en.lproj/ViewController.xib; sourceTree = "<group>"; };
		024A749019611718000964CD /* 1.JPG */ = {isa = PBXFileReference; lastKnownFileType = image.jpeg; name = 1.JPG; path = ../../../Users/skaneko/Documents/temporary/snow/1.JPG; sourceTree = "<group>"; };
/* End PBXFileReference section */

/* Begin PBXFrameworksBuildPhase section */
		024A7463196114EA000964CD /* Frameworks */ = {
			isa = PBXFrameworksBuildPhase;
			buildActionMask = 2147483647;
			files = (
				024A746A196114EA000964CD /* UIKit.framework in Frameworks */,
				024A746C196114EA000964CD /* Foundation.framework in Frameworks */,
				024A746E196114EA000964CD /* CoreGraphics.framework in Frameworks */,
			);
			runOnlyForDeploymentPostprocessing = 0;
		};
/* End PBXFrameworksBuildPhase section */

/* Begin PBXGroup section */
		024A745D196114EA000964CD = {
			isa = PBXGroup;
			children = (
				024A748F196116F2000964CD /* Resource */,
				024A746F196114EA000964CD /* iOSTraning3-1 */,
				024A7468196114EA000964CD /* Frameworks */,
				024A7467196114EA000964CD /* Products */,
			);
			sourceTree = "<group>";
		};
		024A7467196114EA000964CD /* Products */ = {
			isa = PBXGroup;
			children = (
				024A7466196114EA000964CD /* iOSTraning3-1.app */,
			);
			name = Products;
			sourceTree = "<group>";
		};
		024A7468196114EA000964CD /* Frameworks */ = {
			isa = PBXGroup;
			children = (
				024A7469196114EA000964CD /* UIKit.framework */,
				024A746B196114EA000964CD /* Foundation.framework */,
				024A746D196114EA000964CD /* CoreGraphics.framework */,
			);
			name = Frameworks;
			sourceTree = "<group>";
		};
		024A746F196114EA000964CD /* iOSTraning3-1 */ = {
			isa = PBXGroup;
			children = (
				024A7478196114EA000964CD /* AppDelegate.h */,
				024A7479196114EA000964CD /* AppDelegate.m */,
				024A7481196114EA000964CD /* ViewController.h */,
				024A7482196114EA000964CD /* ViewController.m */,
				024A7484196114EA000964CD /* ViewController.xib */,
				024A7470196114EA000964CD /* Supporting Files */,
			);
			path = "iOSTraning3-1";
			sourceTree = "<group>";
		};
		024A7470196114EA000964CD /* Supporting Files */ = {
			isa = PBXGroup;
			children = (
				024A7471196114EA000964CD /* iOSTraning3-1-Info.plist */,
				024A7472196114EA000964CD /* InfoPlist.strings */,
				024A7475196114EA000964CD /* main.m */,
				024A7477196114EA000964CD /* iOSTraning3-1-Prefix.pch */,
				024A747B196114EA000964CD /* Default.png */,
				024A747D196114EA000964CD /* Default@2x.png */,
				024A747F196114EA000964CD /* Default-568h@2x.png */,
			);
			name = "Supporting Files";
			sourceTree = "<group>";
		};
		024A748F196116F2000964CD /* Resource */ = {
			isa = PBXGroup;
			children = (
				024A749019611718000964CD /* 1.JPG */,
			);
			name = Resource;
			sourceTree = "<group>";
		};
/* End PBXGroup section */

/* Begin PBXNativeTarget section */
		024A7465196114EA000964CD /* iOSTraning3-1 */ = {
			isa = PBXNativeTarget;
			buildConfigurationList = 024A7489196114EA000964CD /* Build configuration list for PBXNativeTarget "iOSTraning3-1" */;
			buildPhases = (
				024A7462196114EA000964CD /* Sources */,
				024A7463196114EA000964CD /* Frameworks */,
				024A7464196114EA000964CD /* Resources */,
			);
			buildRules = (
			);
			dependencies = (
			);
			name = "iOSTraning3-1";
			productName = "iOSTraning3-1";
			productReference = 024A7466196114EA000964CD /* iOSTraning3-1.app */;
			productType = "com.apple.product-type.application";
		};
/* End PBXNativeTarget section */

/* Begin PBXProject section */
		024A745E196114EA000964CD /* Project object */ = {
			isa = PBXProject;
			attributes = {
				LastUpgradeCheck = 0460;
				ORGANIZATIONNAME = "金子 修一郎";
			};
			buildConfigurationList = 024A7461196114EA000964CD /* Build configuration list for PBXProject "iOSTraning3-1" */;
			compatibilityVersion = "Xcode 3.2";
			developmentRegion = English;
			hasScannedForEncodings = 0;
			knownRegions = (
				en,
			);
			mainGroup = 024A745D196114EA000964CD;
			productRefGroup = 024A7467196114EA000964CD /* Products */;
			projectDirPath = "";
			projectRoot = "";
			targets = (
				024A7465196114EA000964CD /* iOSTraning3-1 */,
			);
		};
/* End PBXProject section */

/* Begin PBXResourcesBuildPhase section */
		024A7464196114EA000964CD /* Resources */ = {
			isa = PBXResourcesBuildPhase;
			buildActionMask = 2147483647;
			files = (
				024A7474196114EA000964CD /* InfoPlist.strings in Resources */,
				024A747C196114EA000964CD /* Default.png in Resources */,
				024A747E196114EA000964CD /* Default@2x.png in Resources */,
				024A7480196114EA000964CD /* Default-568h@2x.png in Resources */,
				024A7486196114EA000964CD /* ViewController.xib in Resources */,
				024A749119611718000964CD /* 1.JPG in Resources */,
			);
			runOnlyForDeploymentPostprocessing = 0;
		};
/* End PBXResourcesBuildPhase section */

/* Begin PBXSourcesBuildPhase section */
		024A7462196114EA000964CD /* Sources */ = {
			isa = PBXSourcesBuildPhase;
			buildActionMask = 2147483647;
			files = (
				024A7476196114EA000964CD /* main.m in Sources */,
				024A747A196114EA000964CD /* AppDelegate.m in Sources */,
				024A7483196114EA000964CD /* ViewController.m in Sources */,
			);
			runOnlyForDeploymentPostprocessing = 0;
		};
/* End PBXSourcesBuildPhase section */

/* Begin PBXVariantGroup section */
		024A7472196114EA000964CD /* InfoPlist.strings */ = {
			isa = PBXVariantGroup;
			children = (
				024A7473196114EA000964CD /* en */,
			);
			name = InfoPlist.strings;
			sourceTree = "<group>";
		};
		024A7484196114EA000964CD /* ViewController.xib */ = {
			isa = PBXVariantGroup;
			children = (
				024A7485196114EA000964CD /* en */,
			);
			name = ViewController.xib;
			sourceTree = "<group>";
		};
/* End PBXVariantGroup section */

/* Begin XCBuildConfiguration section */
		024A7487196114EA000964CD /* Debug */ = {
			isa = XCBuildConfiguration;
			buildSettings = {
				ALWAYS_SEARCH_USER_PATHS = NO;
				CLANG_CXX_LANGUAGE_STANDARD = "gnu++0x";
				CLANG_CXX_LIBRARY = "libc++";
				CLANG_ENABLE_OBJC_ARC = YES;
				CLANG_WARN_CONSTANT_CONVERSION = YES;
				CLANG_WARN_EMPTY_BODY = YES;
				CLANG_WARN_ENUM_CONVERSION = YES;
				CLANG_WARN_INT_CONVERSION = YES;
				CLANG_WARN__DUPLICATE_METHOD_MATCH = YES;
				"CODE_SIGN_IDENTITY[sdk=iphoneos*]" = "iPhone Developer";
				COPY_PHASE_STRIP = NO;
				GCC_C_LANGUAGE_STANDARD = gnu99;
				GCC_DYNAMIC_NO_PIC = NO;
				GCC_OPTIMIZATION_LEVEL = 0;
				GCC_PREPROCESSOR_DEFINITIONS = (
					"DEBUG=1",
					"$(inherited)",
				);
				GCC_SYMBOLS_PRIVATE_EXTERN = NO;
				GCC_WARN_ABOUT_RETURN_TYPE = YES;
				GCC_WARN_UNINITIALIZED_AUTOS = YES;
				GCC_WARN_UNUSED_VARIABLE = YES;
				IPHONEOS_DEPLOYMENT_TARGET = 6.1;
				ONLY_ACTIVE_ARCH = YES;
				SDKROOT = iphoneos;
			};
			name = Debug;
		};
		024A7488196114EA000964CD /* Release */ = {
			isa = XCBuildConfiguration;
			buildSettings = {
				ALWAYS_SEARCH_USER_PATHS = NO;
				CLANG_CXX_LANGUAGE_STANDARD = "gnu++0x";
				CLANG_CXX_LIBRARY = "libc++";
				CLANG_ENABLE_OBJC_ARC = YES;
				CLANG_WARN_CONSTANT_CONVERSION = YES;
				CLANG_WARN_EMPTY_BODY = YES;
				CLANG_WARN_ENUM_CONVERSION = YES;
				CLANG_WARN_INT_CONVERSION = YES;
				CLANG_WARN__DUPLICATE_METHOD_MATCH = YES;
				"CODE_SIGN_IDENTITY[sdk=iphoneos*]" = "iPhone Developer";
				COPY_PHASE_STRIP = YES;
				GCC_C_LANGUAGE_STANDARD = gnu99;
				GCC_WARN_ABOUT_RETURN_TYPE = YES;
				GCC_WARN_UNINITIALIZED_AUTOS = YES;
				GCC_WARN_UNUSED_VARIABLE = YES;
				IPHONEOS_DEPLOYMENT_TARGET = 6.1;
				OTHER_CFLAGS = "-DNS_BLOCK_ASSERTIONS=1";
				SDKROOT = iphoneos;
				VALIDATE_PRODUCT = YES;
			};
			name = Release;
		};
		024A748A196114EA000964CD /* Debug */ = {
			isa = XCBuildConfiguration;
			buildSettings = {
				GCC_PRECOMPILE_PREFIX_HEADER = YES;
				GCC_PREFIX_HEADER = "iOSTraning3-1/iOSTraning3-1-Prefix.pch";
				INFOPLIST_FILE = "iOSTraning3-1/iOSTraning3-1-Info.plist";
				PRODUCT_NAME = "$(TARGET_NAME)";
				WRAPPER_EXTENSION = app;
			};
			name = Debug;
		};
		024A748B196114EA000964CD /* Release */ = {
			isa = XCBuildConfiguration;
			buildSettings = {
				GCC_PRECOMPILE_PREFIX_HEADER = YES;
				GCC_PREFIX_HEADER = "iOSTraning3-1/iOSTraning3-1-Prefix.pch";
				INFOPLIST_FILE = "iOSTraning3-1/iOSTraning3-1-Info.plist";
				PRODUCT_NAME = "$(TARGET_NAME)";
				WRAPPER_EXTENSION = app;
			};
			name = Release;
		};
/* End XCBuildConfiguration section */

/* Begin XCConfigurationList section */
		024A7461196114EA000964CD /* Build configuration list for PBXProject "iOSTraning3-1" */ = {
			isa = XCConfigurationList;
			buildConfigurations = (
				024A7487196114EA000964CD /* Debug */,
				024A7488196114EA000964CD /* Release */,
			);
			defaultConfigurationIsVisible = 0;
			defaultConfigurationName = Release;
		};
		024A7489196114EA000964CD /* Build configuration list for PBXNativeTarget "iOSTraning3-1" */ = {
			isa = XCConfigurationList;
			buildConfigurations = (
				024A748A196114EA000964CD /* Debug */,
				024A748B196114EA000964CD /* Release */,
			);
			defaultConfigurationIsVisible = 0;
		};
/* End XCConfigurationList section */
	};
	rootObject = 024A745E196114EA000964CD /* Project object */;
}
